
Microsoft Visual Studio Solution File, Format Version 12.00
# Visual Studio 15
VisualStudioVersion = 15.0.27130.2010
MinimumVisualStudioVersion = 10.0.40219.1
Project("{2150E333-8FDC-42A3-9474-1A3956D46DE8}") = "src", "src", "{2451C343-987C-4AA3-8D9B-900BC12B0046}"
EndProject
Project("{2150E333-8FDC-42A3-9474-1A3956D46DE8}") = "test", "test", "{A62EE734-AD5B-4790-9386-86CB1D8203D7}"
EndProject
Project("{FAE04EC0-301F-11D3-BF4B-00C04F79EFBC}") = "Dev.SDK", "Dev.SDK\Dev.SDK.csproj", "{549CEDEC-5582-421C-B69A-AA178690FABF}"
EndProject
Project("{FAE04EC0-301F-11D3-BF4B-00C04F79EFBC}") = "Dev.SDK.Test", "Dev.SDK.Test\Dev.SDK.Test.csproj", "{9A6C3A4B-66FC-4E94-901B-355A87EB70AE}"
EndProject
Global
	GlobalSection(SolutionConfigurationPlatforms) = preSolution
		Debug|Any CPU = Debug|Any CPU
		Release|Any CPU = Release|Any CPU
	EndGlobalSection
	GlobalSection(ProjectConfigurationPlatforms) = postSolution
		{549CEDEC-5582-421C-B69A-AA178690FABF}.Debug|Any CPU.ActiveCfg = Debug|Any CPU
		{549CEDEC-5582-421C-B69A-AA178690FABF}.Debug|Any CPU.Build.0 = Debug|Any CPU
		{549CEDEC-5582-421C-B69A-AA178690FABF}.Release|Any CPU.ActiveCfg = Release|Any CPU
		{549CEDEC-5582-421C-B69A-AA178690FABF}.Release|Any CPU.Build.0 = Release|Any CPU
		{9A6C3A4B-66FC-4E94-901B-355A87EB70AE}.Debug|Any CPU.ActiveCfg = Debug|Any CPU
		{9A6C3A4B-66FC-4E94-901B-355A87EB70AE}.Debug|Any CPU.Build.0 = Debug|Any CPU
		{9A6C3A4B-66FC-4E94-901B-355A87EB70AE}.Release|Any CPU.ActiveCfg = Release|Any CPU
		{9A6C3A4B-66FC-4E94-901B-355A87EB70AE}.Release|Any CPU.Build.0 = Release|Any CPU
	EndGlobalSection
	GlobalSection(SolutionProperties) = preSolution
		HideSolutionNode = FALSE
	EndGlobalSection
	GlobalSection(NestedProjects) = preSolution
		{549CEDEC-5582-421C-B69A-AA178690FABF} = {2451C343-987C-4AA3-8D9B-900BC12B0046}
		{9A6C3A4B-66FC-4E94-901B-355A87EB70AE} = {A62EE734-AD5B-4790-9386-86CB1D8203D7}
	EndGlobalSection
	GlobalSection(ExtensibilityGlobals) = postSolution
		SolutionGuid = {F6E7ADFA-DD5C-448D-BA8D-734FFA36157F}
	EndGlobalSection
EndGlobal
